
Microsoft Visual Studio Solution File, Format Version 12.00
# Visual Studio 15
VisualStudioVersion = 15.0.28307.1433
MinimumVisualStudioVersion = 10.0.40219.1
Project("{FAE04EC0-301F-11D3-BF4B-00C04F79EFBC}") = "EAD_Project", "EAD_Project\EAD_Project.csproj", "{CB05184F-C11B-462B-9614-298A8B167858}"
EndProject
Global
	GlobalSection(SolutionConfigurationPlatforms) = preSolution
		Debug|Any CPU = Debug|Any CPU
		Release|Any CPU = Release|Any CPU
	EndGlobalSection
	GlobalSection(ProjectConfigurationPlatforms) = postSolution
		{CB05184F-C11B-462B-9614-298A8B167858}.Debug|Any CPU.ActiveCfg = Debug|Any CPU
		{CB05184F-C11B-462B-9614-298A8B167858}.Debug|Any CPU.Build.0 = Debug|Any CPU
		{CB05184F-C11B-462B-9614-298A8B167858}.Release|Any CPU.ActiveCfg = Release|Any CPU
		{CB05184F-C11B-462B-9614-298A8B167858}.Release|Any CPU.Build.0 = Release|Any CPU
	EndGlobalSection
	GlobalSection(SolutionProperties) = preSolution
		HideSolutionNode = FALSE
	EndGlobalSection
	GlobalSection(ExtensibilityGlobals) = postSolution
		SolutionGuid = {CB84CA3C-DD24-4E41-BAEB-B2558F3C8749}
	EndGlobalSection
EndGlobal
